
Microsoft Visual Studio Solution File, Format Version 12.00
# Visual Studio Version 17
VisualStudioVersion = 17.14.37027.9
MinimumVisualStudioVersion = 10.0.40219.1
Project("{FAE04EC0-301F-11D3-BF4B-00C04F79EFBC}") = "TechMove.Tests", "xUnit\ST10538326.xUnit\TechMove.Tests.csproj", "{1995ADA9-CDBD-4DCB-9DDA-F800B07369EB}"
EndProject
Project("{FAE04EC0-301F-11D3-BF4B-00C04F79EFBC}") = "glms-backend-api", "glms-backend-api\glms-backend-api.csproj", "{F4590922-1EF5-4BC4-A6A2-021EC38EECD9}"
EndProject
Project("{FAE04EC0-301F-11D3-BF4B-00C04F79EFBC}") = "glms-frontend-web", "glms-frontend-web\glms-frontend-web.csproj", "{33E1EAC5-33B0-7769-1112-4DD0CFDEB0A1}"
EndProject
Project("{2150E333-8FDC-42A3-9474-1A3956D46DE8}") = "Solution Items", "Solution Items", "{8EC462FD-D22E-90A8-E5CE-7E832BA40C5D}"
	ProjectSection(SolutionItems) = preProject
		docker-compose.yml = docker-compose.yml
	EndProjectSection
EndProject
Global
	GlobalSection(SolutionConfigurationPlatforms) = preSolution
		Debug|Any CPU = Debug|Any CPU
		Release|Any CPU = Release|Any CPU
	EndGlobalSection
	GlobalSection(ProjectConfigurationPlatforms) = postSolution
		{1995ADA9-CDBD-4DCB-9DDA-F800B07369EB}.Debug|Any CPU.ActiveCfg = Debug|Any CPU
		{1995ADA9-CDBD-4DCB-9DDA-F800B07369EB}.Debug|Any CPU.Build.0 = Debug|Any CPU
		{1995ADA9-CDBD-4DCB-9DDA-F800B07369EB}.Release|Any CPU.ActiveCfg = Release|Any CPU
		{1995ADA9-CDBD-4DCB-9DDA-F800B07369EB}.Release|Any CPU.Build.0 = Release|Any CPU
		{F4590922-1EF5-4BC4-A6A2-021EC38EECD9}.Debug|Any CPU.ActiveCfg = Debug|Any CPU
		{F4590922-1EF5-4BC4-A6A2-021EC38EECD9}.Debug|Any CPU.Build.0 = Debug|Any CPU
		{F4590922-1EF5-4BC4-A6A2-021EC38EECD9}.Release|Any CPU.ActiveCfg = Release|Any CPU
		{F4590922-1EF5-4BC4-A6A2-021EC38EECD9}.Release|Any CPU.Build.0 = Release|Any CPU
		{33E1EAC5-33B0-7769-1112-4DD0CFDEB0A1}.Debug|Any CPU.ActiveCfg = Debug|Any CPU
		{33E1EAC5-33B0-7769-1112-4DD0CFDEB0A1}.Debug|Any CPU.Build.0 = Debug|Any CPU
		{33E1EAC5-33B0-7769-1112-4DD0CFDEB0A1}.Release|Any CPU.ActiveCfg = Release|Any CPU
		{33E1EAC5-33B0-7769-1112-4DD0CFDEB0A1}.Release|Any CPU.Build.0 = Release|Any CPU
	EndGlobalSection
	GlobalSection(SolutionProperties) = preSolution
		HideSolutionNode = FALSE
	EndGlobalSection
	GlobalSection(ExtensibilityGlobals) = postSolution
		SolutionGuid = {4874BC96-DBE7-4929-9E33-421FCCABEB9C}
	EndGlobalSection
EndGlobal
