
Microsoft Visual Studio Solution File, Format Version 12.00
# Visual Studio Version 17
VisualStudioVersion = 17.14.37027.9
MinimumVisualStudioVersion = 10.0.40219.1
Project("{FAE04EC0-301F-11D3-BF4B-00C04F79EFBC}") = "TechMove", "TechMove\TechMove.csproj", "{BAE8594D-32E2-431B-8579-CEDC490B60D8}"
EndProject
Project("{FAE04EC0-301F-11D3-BF4B-00C04F79EFBC}") = "TechMove.Tests", "xUnit\ST10538326.xUnit\TechMove.Tests.csproj", "{1995ADA9-CDBD-4DCB-9DDA-F800B07369EB}"
EndProject
Global
	GlobalSection(SolutionConfigurationPlatforms) = preSolution
		Debug|Any CPU = Debug|Any CPU
		Release|Any CPU = Release|Any CPU
	EndGlobalSection
	GlobalSection(ProjectConfigurationPlatforms) = postSolution
		{BAE8594D-32E2-431B-8579-CEDC490B60D8}.Debug|Any CPU.ActiveCfg = Debug|Any CPU
		{BAE8594D-32E2-431B-8579-CEDC490B60D8}.Debug|Any CPU.Build.0 = Debug|Any CPU
		{BAE8594D-32E2-431B-8579-CEDC490B60D8}.Release|Any CPU.ActiveCfg = Release|Any CPU
		{BAE8594D-32E2-431B-8579-CEDC490B60D8}.Release|Any CPU.Build.0 = Release|Any CPU
		{1995ADA9-CDBD-4DCB-9DDA-F800B07369EB}.Debug|Any CPU.ActiveCfg = Debug|Any CPU
		{1995ADA9-CDBD-4DCB-9DDA-F800B07369EB}.Debug|Any CPU.Build.0 = Debug|Any CPU
		{1995ADA9-CDBD-4DCB-9DDA-F800B07369EB}.Release|Any CPU.ActiveCfg = Release|Any CPU
		{1995ADA9-CDBD-4DCB-9DDA-F800B07369EB}.Release|Any CPU.Build.0 = Release|Any CPU
	EndGlobalSection
	GlobalSection(SolutionProperties) = preSolution
		HideSolutionNode = FALSE
	EndGlobalSection
	GlobalSection(ExtensibilityGlobals) = postSolution
		SolutionGuid = {4874BC96-DBE7-4929-9E33-421FCCABEB9C}
	EndGlobalSection
EndGlobal
